
Microsoft Visual Studio Solution File, Format Version 12.00
# Visual Studio Version 17
VisualStudioVersion = 17.3.32922.545
MinimumVisualStudioVersion = 10.0.40219.1
Project("{FAE04EC0-301F-11D3-BF4B-00C04F79EFBC}") = "CuprumKatDotNetCore", "CuprumKatDotNetCore\CuprumKatDotNetCore.csproj", "{D410BF57-3516-4528-8012-8FB9D4E2D11B}"
EndProject
Global
	GlobalSection(SolutionConfigurationPlatforms) = preSolution
		Debug|Any CPU = Debug|Any CPU
		Release|Any CPU = Release|Any CPU
	EndGlobalSection
	GlobalSection(ProjectConfigurationPlatforms) = postSolution
		{D410BF57-3516-4528-8012-8FB9D4E2D11B}.Debug|Any CPU.ActiveCfg = Debug|Any CPU
		{D410BF57-3516-4528-8012-8FB9D4E2D11B}.Debug|Any CPU.Build.0 = Debug|Any CPU
		{D410BF57-3516-4528-8012-8FB9D4E2D11B}.Release|Any CPU.ActiveCfg = Release|Any CPU
		{D410BF57-3516-4528-8012-8FB9D4E2D11B}.Release|Any CPU.Build.0 = Release|Any CPU
	EndGlobalSection
	GlobalSection(SolutionProperties) = preSolution
		HideSolutionNode = FALSE
	EndGlobalSection
	GlobalSection(ExtensibilityGlobals) = postSolution
		SolutionGuid = {0A4F8BB6-44C4-4828-96EC-C0BB2FE1E7E9}
	EndGlobalSection
EndGlobal
